
Microsoft Visual Studio Solution File, Format Version 10.00
# Visual Studio 2008
Project("{8BC9CEB8-8B4A-11D0-8D11-00A0C91BC942}") = "fdom2tga", "fdom2tga.vcproj", "{01351BE8-6361-4F1B-84FF-77B4158627C0}"
EndProject
Global
	GlobalSection(SolutionConfigurationPlatforms) = preSolution
		Debug|Win32 = Debug|Win32
		Release|Win32 = Release|Win32
	EndGlobalSection
	GlobalSection(ProjectConfigurationPlatforms) = postSolution
		{01351BE8-6361-4F1B-84FF-77B4158627C0}.Debug|Win32.ActiveCfg = Debug|Win32
		{01351BE8-6361-4F1B-84FF-77B4158627C0}.Debug|Win32.Build.0 = Debug|Win32
		{01351BE8-6361-4F1B-84FF-77B4158627C0}.Release|Win32.ActiveCfg = Release|Win32
		{01351BE8-6361-4F1B-84FF-77B4158627C0}.Release|Win32.Build.0 = Release|Win32
	EndGlobalSection
	GlobalSection(SolutionProperties) = preSolution
		HideSolutionNode = FALSE
	EndGlobalSection
EndGlobal
