
Microsoft Visual Studio Solution File, Format Version 10.00
# Visual Studio 2008
Project("{8BC9CEB8-8B4A-11D0-8D11-00A0C91BC942}") = "normalInterpolate", "normalInterpolate.vcproj", "{8A9EBC50-2228-4BD1-9C86-F986C9384EE8}"
EndProject
Global
	GlobalSection(SolutionConfigurationPlatforms) = preSolution
		Debug|Win32 = Debug|Win32
		Release|Win32 = Release|Win32
	EndGlobalSection
	GlobalSection(ProjectConfigurationPlatforms) = postSolution
		{8A9EBC50-2228-4BD1-9C86-F986C9384EE8}.Debug|Win32.ActiveCfg = Debug|Win32
		{8A9EBC50-2228-4BD1-9C86-F986C9384EE8}.Debug|Win32.Build.0 = Debug|Win32
		{8A9EBC50-2228-4BD1-9C86-F986C9384EE8}.Release|Win32.ActiveCfg = Release|Win32
		{8A9EBC50-2228-4BD1-9C86-F986C9384EE8}.Release|Win32.Build.0 = Release|Win32
	EndGlobalSection
	GlobalSection(SolutionProperties) = preSolution
		HideSolutionNode = FALSE
	EndGlobalSection
EndGlobal
