
Microsoft Visual Studio Solution File, Format Version 9.00
# Visual Studio 2005
Project("{FAE04EC0-301F-11D3-BF4B-00C04F79EFBC}") = "inplation", "inplation\inplation.csproj", "{BC374383-C463-4DD8-A6D2-97C17300538A}"
EndProject
Project("{FAE04EC0-301F-11D3-BF4B-00C04F79EFBC}") = "counter", "counter\counter.csproj", "{BF921EDC-7209-4738-91A9-69FC5766F432}"
EndProject
Global
	GlobalSection(SolutionConfigurationPlatforms) = preSolution
		Debug|Any CPU = Debug|Any CPU
		Release|Any CPU = Release|Any CPU
	EndGlobalSection
	GlobalSection(ProjectConfigurationPlatforms) = postSolution
		{BC374383-C463-4DD8-A6D2-97C17300538A}.Debug|Any CPU.ActiveCfg = Debug|Any CPU
		{BC374383-C463-4DD8-A6D2-97C17300538A}.Debug|Any CPU.Build.0 = Debug|Any CPU
		{BC374383-C463-4DD8-A6D2-97C17300538A}.Release|Any CPU.ActiveCfg = Release|Any CPU
		{BC374383-C463-4DD8-A6D2-97C17300538A}.Release|Any CPU.Build.0 = Release|Any CPU
		{BF921EDC-7209-4738-91A9-69FC5766F432}.Debug|Any CPU.ActiveCfg = Debug|Any CPU
		{BF921EDC-7209-4738-91A9-69FC5766F432}.Debug|Any CPU.Build.0 = Debug|Any CPU
		{BF921EDC-7209-4738-91A9-69FC5766F432}.Release|Any CPU.ActiveCfg = Release|Any CPU
		{BF921EDC-7209-4738-91A9-69FC5766F432}.Release|Any CPU.Build.0 = Release|Any CPU
	EndGlobalSection
	GlobalSection(SolutionProperties) = preSolution
		HideSolutionNode = FALSE
	EndGlobalSection
EndGlobal
