
Microsoft Visual Studio Solution File, Format Version 11.00
# Visual Studio 2010
Project("{FAE04EC0-301F-11D3-BF4B-00C04F79EFBC}") = "inplation", "inplation\inplation.csproj", "{BC374383-C463-4DD8-A6D2-97C17300538A}"
EndProject
Project("{FAE04EC0-301F-11D3-BF4B-00C04F79EFBC}") = "counter", "counter\counter.csproj", "{BF921EDC-7209-4738-91A9-69FC5766F432}"
EndProject
Project("{FAE04EC0-301F-11D3-BF4B-00C04F79EFBC}") = "patcher", "patcher\patcher.csproj", "{980A597F-D73D-440D-9FB7-8692DED3B69C}"
EndProject
Project("{FAE04EC0-301F-11D3-BF4B-00C04F79EFBC}") = "invoice", "invoice\invoice.csproj", "{A12E837E-D3DD-464E-BE3D-7814C82C7255}"
EndProject
Project("{FAE04EC0-301F-11D3-BF4B-00C04F79EFBC}") = "exponent", "exponent\exponent.csproj", "{1C649159-FB7B-4128-9288-9C821EB8153C}"
EndProject
Project("{FAE04EC0-301F-11D3-BF4B-00C04F79EFBC}") = "tyres", "tyres\tyres.csproj", "{C99F707A-F01C-447C-81F8-C4D9701B218E}"
EndProject
Global
	GlobalSection(SolutionConfigurationPlatforms) = preSolution
		Debug|Any CPU = Debug|Any CPU
		Release|Any CPU = Release|Any CPU
	EndGlobalSection
	GlobalSection(ProjectConfigurationPlatforms) = postSolution
		{BC374383-C463-4DD8-A6D2-97C17300538A}.Debug|Any CPU.ActiveCfg = Debug|Any CPU
		{BC374383-C463-4DD8-A6D2-97C17300538A}.Debug|Any CPU.Build.0 = Debug|Any CPU
		{BC374383-C463-4DD8-A6D2-97C17300538A}.Release|Any CPU.ActiveCfg = Release|Any CPU
		{BC374383-C463-4DD8-A6D2-97C17300538A}.Release|Any CPU.Build.0 = Release|Any CPU
		{BF921EDC-7209-4738-91A9-69FC5766F432}.Debug|Any CPU.ActiveCfg = Debug|Any CPU
		{BF921EDC-7209-4738-91A9-69FC5766F432}.Debug|Any CPU.Build.0 = Debug|Any CPU
		{BF921EDC-7209-4738-91A9-69FC5766F432}.Release|Any CPU.ActiveCfg = Release|Any CPU
		{BF921EDC-7209-4738-91A9-69FC5766F432}.Release|Any CPU.Build.0 = Release|Any CPU
		{980A597F-D73D-440D-9FB7-8692DED3B69C}.Debug|Any CPU.ActiveCfg = Debug|Any CPU
		{980A597F-D73D-440D-9FB7-8692DED3B69C}.Debug|Any CPU.Build.0 = Debug|Any CPU
		{980A597F-D73D-440D-9FB7-8692DED3B69C}.Release|Any CPU.ActiveCfg = Release|Any CPU
		{980A597F-D73D-440D-9FB7-8692DED3B69C}.Release|Any CPU.Build.0 = Release|Any CPU
		{A12E837E-D3DD-464E-BE3D-7814C82C7255}.Debug|Any CPU.ActiveCfg = Debug|Any CPU
		{A12E837E-D3DD-464E-BE3D-7814C82C7255}.Debug|Any CPU.Build.0 = Debug|Any CPU
		{A12E837E-D3DD-464E-BE3D-7814C82C7255}.Release|Any CPU.ActiveCfg = Release|Any CPU
		{A12E837E-D3DD-464E-BE3D-7814C82C7255}.Release|Any CPU.Build.0 = Release|Any CPU
		{1C649159-FB7B-4128-9288-9C821EB8153C}.Debug|Any CPU.ActiveCfg = Debug|Any CPU
		{1C649159-FB7B-4128-9288-9C821EB8153C}.Debug|Any CPU.Build.0 = Debug|Any CPU
		{1C649159-FB7B-4128-9288-9C821EB8153C}.Release|Any CPU.ActiveCfg = Release|Any CPU
		{1C649159-FB7B-4128-9288-9C821EB8153C}.Release|Any CPU.Build.0 = Release|Any CPU
		{C99F707A-F01C-447C-81F8-C4D9701B218E}.Debug|Any CPU.ActiveCfg = Debug|Any CPU
		{C99F707A-F01C-447C-81F8-C4D9701B218E}.Debug|Any CPU.Build.0 = Debug|Any CPU
		{C99F707A-F01C-447C-81F8-C4D9701B218E}.Release|Any CPU.ActiveCfg = Release|Any CPU
		{C99F707A-F01C-447C-81F8-C4D9701B218E}.Release|Any CPU.Build.0 = Release|Any CPU
	EndGlobalSection
	GlobalSection(SolutionProperties) = preSolution
		HideSolutionNode = FALSE
	EndGlobalSection
EndGlobal
